
Microsoft Visual Studio Solution File, Format Version 12.00
# Visual Studio Version 17
VisualStudioVersion = 17.8.34322.80
MinimumVisualStudioVersion = 10.0.40219.1
Project("{FAE04EC0-301F-11D3-BF4B-00C04F79EFBC}") = "game", "game\game.csproj", "{66C1A75F-3A16-42C7-B0D3-DE9E441DB6B7}"
EndProject
Global
	GlobalSection(SolutionConfigurationPlatforms) = preSolution
		Debug|Any CPU = Debug|Any CPU
		Release|Any CPU = Release|Any CPU
	EndGlobalSection
	GlobalSection(ProjectConfigurationPlatforms) = postSolution
		{66C1A75F-3A16-42C7-B0D3-DE9E441DB6B7}.Debug|Any CPU.ActiveCfg = Debug|Any CPU
		{66C1A75F-3A16-42C7-B0D3-DE9E441DB6B7}.Debug|Any CPU.Build.0 = Debug|Any CPU
		{66C1A75F-3A16-42C7-B0D3-DE9E441DB6B7}.Release|Any CPU.ActiveCfg = Release|Any CPU
		{66C1A75F-3A16-42C7-B0D3-DE9E441DB6B7}.Release|Any CPU.Build.0 = Release|Any CPU
	EndGlobalSection
	GlobalSection(SolutionProperties) = preSolution
		HideSolutionNode = FALSE
	EndGlobalSection
	GlobalSection(ExtensibilityGlobals) = postSolution
		SolutionGuid = {B78E8FF1-F1BF-4DA6-B7DD-12C3210D8A03}
	EndGlobalSection
EndGlobal
